// !$*UTF8*$!
{
	archiveVersion = 1;
	classes = {
	};
	objectVersion = 50;
	objects = {

/* Begin PBXBuildFile section */
		1CB8A1E7225867C5008849A1 /* AppDelegate.m in Sources */ = {isa = PBXBuildFile; fileRef = 1CB8A1E6225867C5008849A1 /* AppDelegate.m */; };
		1CB8A1E9225867C8008849A1 /* Assets.xcassets in Resources */ = {isa = PBXBuildFile; fileRef = 1CB8A1E8225867C8008849A1 /* Assets.xcassets */; };
		1CB8A1EC225867C8008849A1 /* MainMenu.xib in Resources */ = {isa = PBXBuildFile; fileRef = 1CB8A1EA225867C8008849A1 /* MainMenu.xib */; };
		1CB8A1EF225867C8008849A1 /* main.m in Sources */ = {isa = PBXBuildFile; fileRef = 1CB8A1EE225867C8008849A1 /* main.m */; };
		1CB8A1FE225867F4008849A1 /* GCDAsyncUdpSocket.m in Sources */ = {isa = PBXBuildFile; fileRef = 1CB8A1F9225867F4008849A1 /* GCDAsyncUdpSocket.m */; };
		1CB8A1FF225867F4008849A1 /* GCDAsyncSocket.m in Sources */ = {isa = PBXBuildFile; fileRef = 1CB8A1FA225867F4008849A1 /* GCDAsyncSocket.m */; };
		1CB8A200225867F4008849A1 /* README.markdown in Resources */ = {isa = PBXBuildFile; fileRef = 1CB8A1FD225867F4008849A1 /* README.markdown */; };
/* End PBXBuildFile section */

/* Begin PBXFileReference section */
		1CB8A1E2225867C5008849A1 /* SocketTest.app */ = {isa = PBXFileReference; explicitFileType = wrapper.application; includeInIndex = 0; path = SocketTest.app; sourceTree = BUILT_PRODUCTS_DIR; };
		1CB8A1E5225867C5008849A1 /* AppDelegate.h */ = {isa = PBXFileReference; lastKnownFileType = sourcecode.c.h; path = AppDelegate.h; sourceTree = "<group>"; };
		1CB8A1E6225867C5008849A1 /* AppDelegate.m */ = {isa = PBXFileReference; lastKnownFileType = sourcecode.c.objc; path = AppDelegate.m; sourceTree = "<group>"; };
		1CB8A1E8225867C8008849A1 /* Assets.xcassets */ = {isa = PBXFileReference; lastKnownFileType = folder.assetcatalog; path = Assets.xcassets; sourceTree = "<group>"; };
		1CB8A1EB225867C8008849A1 /* Base */ = {isa = PBXFileReference; lastKnownFileType = file.xib; name = Base; path = Base.lproj/MainMenu.xib; sourceTree = "<group>"; };
		1CB8A1ED225867C8008849A1 /* Info.plist */ = {isa = PBXFileReference; lastKnownFileType = text.plist.xml; path = Info.plist; sourceTree = "<group>"; };
		1CB8A1EE225867C8008849A1 /* main.m */ = {isa = PBXFileReference; lastKnownFileType = sourcecode.c.objc; path = main.m; sourceTree = "<group>"; };
		1CB8A1F0225867C8008849A1 /* SocketTest.entitlements */ = {isa = PBXFileReference; lastKnownFileType = text.plist.entitlements; path = SocketTest.entitlements; sourceTree = "<group>"; };
		1CB8A1F9225867F4008849A1 /* GCDAsyncUdpSocket.m */ = {isa = PBXFileReference; fileEncoding = 4; lastKnownFileType = sourcecode.c.objc; path = GCDAsyncUdpSocket.m; sourceTree = "<group>"; };
		1CB8A1FA225867F4008849A1 /* GCDAsyncSocket.m */ = {isa = PBXFileReference; fileEncoding = 4; lastKnownFileType = sourcecode.c.objc; path = GCDAsyncSocket.m; sourceTree = "<group>"; };
		1CB8A1FB225867F4008849A1 /* GCDAsyncUdpSocket.h */ = {isa = PBXFileReference; fileEncoding = 4; lastKnownFileType = sourcecode.c.h; path = GCDAsyncUdpSocket.h; sourceTree = "<group>"; };
		1CB8A1FC225867F4008849A1 /* GCDAsyncSocket.h */ = {isa = PBXFileReference; fileEncoding = 4; lastKnownFileType = sourcecode.c.h; path = GCDAsyncSocket.h; sourceTree = "<group>"; };
		1CB8A1FD225867F4008849A1 /* README.markdown */ = {isa = PBXFileReference; fileEncoding = 4; lastKnownFileType = net.daringfireball.markdown; path = README.markdown; sourceTree = "<group>"; };
/* End PBXFileReference section */

/* Begin PBXFrameworksBuildPhase section */
		1CB8A1DF225867C5008849A1 /* Frameworks */ = {
			isa = PBXFrameworksBuildPhase;
			buildActionMask = 2147483647;
			files = (
			);
			runOnlyForDeploymentPostprocessing = 0;
		};
/* End PBXFrameworksBuildPhase section */

/* Begin PBXGroup section */
		1CB8A1D9225867C5008849A1 = {
			isa = PBXGroup;
			children = (
				1CB8A1F6225867F4008849A1 /* CocoaAsyncSocket */,
				1CB8A1E4225867C5008849A1 /* SocketTest */,
				1CB8A1E3225867C5008849A1 /* Products */,
			);
			sourceTree = "<group>";
		};
		1CB8A1E3225867C5008849A1 /* Products */ = {
			isa = PBXGroup;
			children = (
				1CB8A1E2225867C5008849A1 /* SocketTest.app */,
			);
			name = Products;
			sourceTree = "<group>";
		};
		1CB8A1E4225867C5008849A1 /* SocketTest */ = {
			isa = PBXGroup;
			children = (
				1CB8A1E5225867C5008849A1 /* AppDelegate.h */,
				1CB8A1E6225867C5008849A1 /* AppDelegate.m */,
				1CB8A1E8225867C8008849A1 /* Assets.xcassets */,
				1CB8A1EA225867C8008849A1 /* MainMenu.xib */,
				1CB8A1ED225867C8008849A1 /* Info.plist */,
				1CB8A1EE225867C8008849A1 /* main.m */,
				1CB8A1F0225867C8008849A1 /* SocketTest.entitlements */,
			);
			path = SocketTest;
			sourceTree = "<group>";
		};
		1CB8A1F6225867F4008849A1 /* CocoaAsyncSocket */ = {
			isa = PBXGroup;
			children = (
				1CB8A1F7225867F4008849A1 /* Source */,
				1CB8A1FD225867F4008849A1 /* README.markdown */,
			);
			name = CocoaAsyncSocket;
			path = SocketTest/CocoaAsyncSocket;
			sourceTree = "<group>";
		};
		1CB8A1F7225867F4008849A1 /* Source */ = {
			isa = PBXGroup;
			children = (
				1CB8A1F8225867F4008849A1 /* GCD */,
			);
			path = Source;
			sourceTree = "<group>";
		};
		1CB8A1F8225867F4008849A1 /* GCD */ = {
			isa = PBXGroup;
			children = (
				1CB8A1F9225867F4008849A1 /* GCDAsyncUdpSocket.m */,
				1CB8A1FA225867F4008849A1 /* GCDAsyncSocket.m */,
				1CB8A1FB225867F4008849A1 /* GCDAsyncUdpSocket.h */,
				1CB8A1FC225867F4008849A1 /* GCDAsyncSocket.h */,
			);
			path = GCD;
			sourceTree = "<group>";
		};
/* End PBXGroup section */

/* Begin PBXNativeTarget section */
		1CB8A1E1225867C5008849A1 /* SocketTest */ = {
			isa = PBXNativeTarget;
			buildConfigurationList = 1CB8A1F3225867C8008849A1 /* Build configuration list for PBXNativeTarget "SocketTest" */;
			buildPhases = (
				1CB8A1DE225867C5008849A1 /* Sources */,
				1CB8A1DF225867C5008849A1 /* Frameworks */,
				1CB8A1E0225867C5008849A1 /* Resources */,
			);
			buildRules = (
			);
			dependencies = (
			);
			name = SocketTest;
			productName = SocketTest;
			productReference = 1CB8A1E2225867C5008849A1 /* SocketTest.app */;
			productType = "com.apple.product-type.application";
		};
/* End PBXNativeTarget section */

/* Begin PBXProject section */
		1CB8A1DA225867C5008849A1 /* Project object */ = {
			isa = PBXProject;
			attributes = {
				LastUpgradeCheck = 0940;
				ORGANIZATIONNAME = "曹伟东";
				TargetAttributes = {
					1CB8A1E1225867C5008849A1 = {
						CreatedOnToolsVersion = 9.4.1;
						SystemCapabilities = {
							com.apple.Sandbox = {
								enabled = 0;
							};
						};
					};
				};
			};
			buildConfigurationList = 1CB8A1DD225867C5008849A1 /* Build configuration list for PBXProject "SocketTest" */;
			compatibilityVersion = "Xcode 9.3";
			developmentRegion = en;
			hasScannedForEncodings = 0;
			knownRegions = (
				en,
				Base,
			);
			mainGroup = 1CB8A1D9225867C5008849A1;
			productRefGroup = 1CB8A1E3225867C5008849A1 /* Products */;
			projectDirPath = "";
			projectRoot = "";
			targets = (
				1CB8A1E1225867C5008849A1 /* SocketTest */,
			);
		};
/* End PBXProject section */

/* Begin PBXResourcesBuildPhase section */
		1CB8A1E0225867C5008849A1 /* Resources */ = {
			isa = PBXResourcesBuildPhase;
			buildActionMask = 2147483647;
			files = (
				1CB8A1E9225867C8008849A1 /* Assets.xcassets in Resources */,
				1CB8A1EC225867C8008849A1 /* MainMenu.xib in Resources */,
				1CB8A200225867F4008849A1 /* README.markdown in Resources */,
			);
			runOnlyForDeploymentPostprocessing = 0;
		};
/* End PBXResourcesBuildPhase section */

/* Begin PBXSourcesBuildPhase section */
		1CB8A1DE225867C5008849A1 /* Sources */ = {
			isa = PBXSourcesBuildPhase;
			buildActionMask = 2147483647;
			files = (
				1CB8A1FF225867F4008849A1 /* GCDAsyncSocket.m in Sources */,
				1CB8A1EF225867C8008849A1 /* main.m in Sources */,
				1CB8A1FE225867F4008849A1 /* GCDAsyncUdpSocket.m in Sources */,
				1CB8A1E7225867C5008849A1 /* AppDelegate.m in Sources */,
			);
			runOnlyForDeploymentPostprocessing = 0;
		};
/* End PBXSourcesBuildPhase section */

/* Begin PBXVariantGroup section */
		1CB8A1EA225867C8008849A1 /* MainMenu.xib */ = {
			isa = PBXVariantGroup;
			children = (
				1CB8A1EB225867C8008849A1 /* Base */,
			);
			name = MainMenu.xib;
			sourceTree = "<group>";
		};
/* End PBXVariantGroup section */

/* Begin XCBuildConfiguration section */
		1CB8A1F1225867C8008849A1 /* Debug */ = {
			isa = XCBuildConfiguration;
			buildSettings = {
				ALWAYS_SEARCH_USER_PATHS = NO;
				CLANG_ANALYZER_NONNULL = YES;
				CLANG_ANALYZER_NUMBER_OBJECT_CONVERSION = YES_AGGRESSIVE;
				CLANG_CXX_LANGUAGE_STANDARD = "gnu++14";
				CLANG_CXX_LIBRARY = "libc++";
				CLANG_ENABLE_MODULES = YES;
				CLANG_ENABLE_OBJC_ARC = YES;
				CLANG_ENABLE_OBJC_WEAK = YES;
				CLANG_WARN_BLOCK_CAPTURE_AUTORELEASING = YES;
				CLANG_WARN_BOOL_CONVERSION = YES;
				CLANG_WARN_COMMA = YES;
				CLANG_WARN_CONSTANT_CONVERSION = YES;
				CLANG_WARN_DEPRECATED_OBJC_IMPLEMENTATIONS = YES;
				CLANG_WARN_DIRECT_OBJC_ISA_USAGE = YES_ERROR;
				CLANG_WARN_DOCUMENTATION_COMMENTS = YES;
				CLANG_WARN_EMPTY_BODY = YES;
				CLANG_WARN_ENUM_CONVERSION = YES;
				CLANG_WARN_INFINITE_RECURSION = YES;
				CLANG_WARN_INT_CONVERSION = YES;
				CLANG_WARN_NON_LITERAL_NULL_CONVERSION = YES;
				CLANG_WARN_OBJC_IMPLICIT_RETAIN_SELF = YES;
				CLANG_WARN_OBJC_LITERAL_CONVERSION = YES;
				CLANG_WARN_OBJC_ROOT_CLASS = YES_ERROR;
				CLANG_WARN_RANGE_LOOP_ANALYSIS = YES;
				CLANG_WARN_STRICT_PROTOTYPES = YES;
				CLANG_WARN_SUSPICIOUS_MOVE = YES;
				CLANG_WARN_UNGUARDED_AVAILABILITY = YES_AGGRESSIVE;
				CLANG_WARN_UNREACHABLE_CODE = YES;
				CLANG_WARN__DUPLICATE_METHOD_MATCH = YES;
				CODE_SIGN_IDENTITY = "-";
				COPY_PHASE_STRIP = NO;
				DEBUG_INFORMATION_FORMAT = dwarf;
				ENABLE_STRICT_OBJC_MSGSEND = YES;
				ENABLE_TESTABILITY = YES;
				GCC_C_LANGUAGE_STANDARD = gnu11;
				GCC_DYNAMIC_NO_PIC = NO;
				GCC_NO_COMMON_BLOCKS = YES;
				GCC_OPTIMIZATION_LEVEL = 0;
				GCC_PREPROCESSOR_DEFINITIONS = (
					"DEBUG=1",
					"$(inherited)",
				);
				GCC_WARN_64_TO_32_BIT_CONVERSION = YES;
				GCC_WARN_ABOUT_RETURN_TYPE = YES_ERROR;
				GCC_WARN_UNDECLARED_SELECTOR = YES;
				GCC_WARN_UNINITIALIZED_AUTOS = YES_AGGRESSIVE;
				GCC_WARN_UNUSED_FUNCTION = YES;
				GCC_WARN_UNUSED_VARIABLE = YES;
				MACOSX_DEPLOYMENT_TARGET = 10.13;
				MTL_ENABLE_DEBUG_INFO = YES;
				ONLY_ACTIVE_ARCH = YES;
				SDKROOT = macosx;
			};
			name = Debug;
		};
		1CB8A1F2225867C8008849A1 /* Release */ = {
			isa = XCBuildConfiguration;
			buildSettings = {
				ALWAYS_SEARCH_USER_PATHS = NO;
				CLANG_ANALYZER_NONNULL = YES;
				CLANG_ANALYZER_NUMBER_OBJECT_CONVERSION = YES_AGGRESSIVE;
				CLANG_CXX_LANGUAGE_STANDARD = "gnu++14";
				CLANG_CXX_LIBRARY = "libc++";
				CLANG_ENABLE_MODULES = YES;
				CLANG_ENABLE_OBJC_ARC = YES;
				CLANG_ENABLE_OBJC_WEAK = YES;
				CLANG_WARN_BLOCK_CAPTURE_AUTORELEASING = YES;
				CLANG_WARN_BOOL_CONVERSION = YES;
				CLANG_WARN_COMMA = YES;
				CLANG_WARN_CONSTANT_CONVERSION = YES;
				CLANG_WARN_DEPRECATED_OBJC_IMPLEMENTATIONS = YES;
				CLANG_WARN_DIRECT_OBJC_ISA_USAGE = YES_ERROR;
				CLANG_WARN_DOCUMENTATION_COMMENTS = YES;
				CLANG_WARN_EMPTY_BODY = YES;
				CLANG_WARN_ENUM_CONVERSION = YES;
				CLANG_WARN_INFINITE_RECURSION = YES;
				CLANG_WARN_INT_CONVERSION = YES;
				CLANG_WARN_NON_LITERAL_NULL_CONVERSION = YES;
				CLANG_WARN_OBJC_IMPLICIT_RETAIN_SELF = YES;
				CLANG_WARN_OBJC_LITERAL_CONVERSION = YES;
				CLANG_WARN_OBJC_ROOT_CLASS = YES_ERROR;
				CLANG_WARN_RANGE_LOOP_ANALYSIS = YES;
				CLANG_WARN_STRICT_PROTOTYPES = YES;
				CLANG_WARN_SUSPICIOUS_MOVE = YES;
				CLANG_WARN_UNGUARDED_AVAILABILITY = YES_AGGRESSIVE;
				CLANG_WARN_UNREACHABLE_CODE = YES;
				CLANG_WARN__DUPLICATE_METHOD_MATCH = YES;
				CODE_SIGN_IDENTITY = "-";
				COPY_PHASE_STRIP = NO;
				DEBUG_INFORMATION_FORMAT = "dwarf-with-dsym";
				ENABLE_NS_ASSERTIONS = NO;
				ENABLE_STRICT_OBJC_MSGSEND = YES;
				GCC_C_LANGUAGE_STANDARD = gnu11;
				GCC_NO_COMMON_BLOCKS = YES;
				GCC_WARN_64_TO_32_BIT_CONVERSION = YES;
				GCC_WARN_ABOUT_RETURN_TYPE = YES_ERROR;
				GCC_WARN_UNDECLARED_SELECTOR = YES;
				GCC_WARN_UNINITIALIZED_AUTOS = YES_AGGRESSIVE;
				GCC_WARN_UNUSED_FUNCTION = YES;
				GCC_WARN_UNUSED_VARIABLE = YES;
				MACOSX_DEPLOYMENT_TARGET = 10.13;
				MTL_ENABLE_DEBUG_INFO = NO;
				SDKROOT = macosx;
			};
			name = Release;
		};
		1CB8A1F4225867C8008849A1 /* Debug */ = {
			isa = XCBuildConfiguration;
			buildSettings = {
				ASSETCATALOG_COMPILER_APPICON_NAME = AppIcon;
				CODE_SIGN_STYLE = Automatic;
				COMBINE_HIDPI_IMAGES = YES;
				INFOPLIST_FILE = SocketTest/Info.plist;
				LD_RUNPATH_SEARCH_PATHS = (
					"$(inherited)",
					"@executable_path/../Frameworks",
				);
				MACOSX_DEPLOYMENT_TARGET = 10.12;
				PRODUCT_BUNDLE_IDENTIFIER = objxcode.SocketTest212;
				PRODUCT_NAME = "$(TARGET_NAME)";
			};
			name = Debug;
		};
		1CB8A1F5225867C8008849A1 /* Release */ = {
			isa = XCBuildConfiguration;
			buildSettings = {
				ASSETCATALOG_COMPILER_APPICON_NAME = AppIcon;
				CODE_SIGN_STYLE = Automatic;
				COMBINE_HIDPI_IMAGES = YES;
				INFOPLIST_FILE = SocketTest/Info.plist;
				LD_RUNPATH_SEARCH_PATHS = (
					"$(inherited)",
					"@executable_path/../Frameworks",
				);
				MACOSX_DEPLOYMENT_TARGET = 10.12;
				PRODUCT_BUNDLE_IDENTIFIER = objxcode.SocketTest212;
				PRODUCT_NAME = "$(TARGET_NAME)";
			};
			name = Release;
		};
/* End XCBuildConfiguration section */

/* Begin XCConfigurationList section */
		1CB8A1DD225867C5008849A1 /* Build configuration list for PBXProject "SocketTest" */ = {
			isa = XCConfigurationList;
			buildConfigurations = (
				1CB8A1F1225867C8008849A1 /* Debug */,
				1CB8A1F2225867C8008849A1 /* Release */,
			);
			defaultConfigurationIsVisible = 0;
			defaultConfigurationName = Release;
		};
		1CB8A1F3225867C8008849A1 /* Build configuration list for PBXNativeTarget "SocketTest" */ = {
			isa = XCConfigurationList;
			buildConfigurations = (
				1CB8A1F4225867C8008849A1 /* Debug */,
				1CB8A1F5225867C8008849A1 /* Release */,
			);
			defaultConfigurationIsVisible = 0;
			defaultConfigurationName = Release;
		};
/* End XCConfigurationList section */
	};
	rootObject = 1CB8A1DA225867C5008849A1 /* Project object */;
}
